// !$*UTF8*$!
{
	archiveVersion = 1;
	classes = {
	};
	objectVersion = 51;
	objects = {

/* Begin PBXBuildFile section */
		3EAE4BCAFC4DFD9D5E645EE1 /* Pods_demo_authen.framework in Frameworks */ = {isa = PBXBuildFile; fileRef = DED02C872D574035A24DA68A /* Pods_demo_authen.framework */; };
		642FCD86270BF52A000F4A57 /* AppDelegate.swift in Sources */ = {isa = PBXBuildFile; fileRef = 642FCD85270BF52A000F4A57 /* AppDelegate.swift */; };
		642FCD88270BF52A000F4A57 /* SceneDelegate.swift in Sources */ = {isa = PBXBuildFile; fileRef = 642FCD87270BF52A000F4A57 /* SceneDelegate.swift */; };
		642FCD8A270BF52A000F4A57 /* ViewController.swift in Sources */ = {isa = PBXBuildFile; fileRef = 642FCD89270BF52A000F4A57 /* ViewController.swift */; };
		642FCD8D270BF52B000F4A57 /* Main.storyboard in Resources */ = {isa = PBXBuildFile; fileRef = 642FCD8B270BF52B000F4A57 /* Main.storyboard */; };
		642FCD8F270BF52C000F4A57 /* Assets.xcassets in Resources */ = {isa = PBXBuildFile; fileRef = 642FCD8E270BF52C000F4A57 /* Assets.xcassets */; };
		642FCD92270BF52C000F4A57 /* LaunchScreen.storyboard in Resources */ = {isa = PBXBuildFile; fileRef = 642FCD90270BF52C000F4A57 /* LaunchScreen.storyboard */; };
		642FCDA7270BF660000F4A57 /* GoogleService-Info.plist in Resources */ = {isa = PBXBuildFile; fileRef = 642FCDA6270BF660000F4A57 /* GoogleService-Info.plist */; };
		64615E6A27140FAD00CC5103 /* InfoUserCell.swift in Sources */ = {isa = PBXBuildFile; fileRef = 64615E6827140FAD00CC5103 /* InfoUserCell.swift */; };
		64615E6B27140FAD00CC5103 /* InfoUserCell.xib in Resources */ = {isa = PBXBuildFile; fileRef = 64615E6927140FAD00CC5103 /* InfoUserCell.xib */; };
		64615E6E2714290600CC5103 /* ListUserVC.swift in Sources */ = {isa = PBXBuildFile; fileRef = 64615E6D2714290600CC5103 /* ListUserVC.swift */; };
		64D276AF27102FF0007FAE83 /* UpdateInfoUserVC.swift in Sources */ = {isa = PBXBuildFile; fileRef = 64D276AE27102FF0007FAE83 /* UpdateInfoUserVC.swift */; };
/* End PBXBuildFile section */

/* Begin PBXFileReference section */
		642FCD82270BF52A000F4A57 /* demo_authen.app */ = {isa = PBXFileReference; explicitFileType = wrapper.application; includeInIndex = 0; path = demo_authen.app; sourceTree = BUILT_PRODUCTS_DIR; };
		642FCD85270BF52A000F4A57 /* AppDelegate.swift */ = {isa = PBXFileReference; lastKnownFileType = sourcecode.swift; path = AppDelegate.swift; sourceTree = "<group>"; };
		642FCD87270BF52A000F4A57 /* SceneDelegate.swift */ = {isa = PBXFileReference; lastKnownFileType = sourcecode.swift; path = SceneDelegate.swift; sourceTree = "<group>"; };
		642FCD89270BF52A000F4A57 /* ViewController.swift */ = {isa = PBXFileReference; lastKnownFileType = sourcecode.swift; path = ViewController.swift; sourceTree = "<group>"; };
		642FCD8C270BF52B000F4A57 /* Base */ = {isa = PBXFileReference; lastKnownFileType = file.storyboard; name = Base; path = Base.lproj/Main.storyboard; sourceTree = "<group>"; };
		642FCD8E270BF52C000F4A57 /* Assets.xcassets */ = {isa = PBXFileReference; lastKnownFileType = folder.assetcatalog; path = Assets.xcassets; sourceTree = "<group>"; };
		642FCD91270BF52C000F4A57 /* Base */ = {isa = PBXFileReference; lastKnownFileType = file.storyboard; name = Base; path = Base.lproj/LaunchScreen.storyboard; sourceTree = "<group>"; };
		642FCD93270BF52C000F4A57 /* Info.plist */ = {isa = PBXFileReference; lastKnownFileType = text.plist.xml; path = Info.plist; sourceTree = "<group>"; };
		642FCDA6270BF660000F4A57 /* GoogleService-Info.plist */ = {isa = PBXFileReference; fileEncoding = 4; lastKnownFileType = text.plist.xml; path = "GoogleService-Info.plist"; sourceTree = "<group>"; };
		64615E6827140FAD00CC5103 /* InfoUserCell.swift */ = {isa = PBXFileReference; lastKnownFileType = sourcecode.swift; path = InfoUserCell.swift; sourceTree = "<group>"; };
		64615E6927140FAD00CC5103 /* InfoUserCell.xib */ = {isa = PBXFileReference; lastKnownFileType = file.xib; path = InfoUserCell.xib; sourceTree = "<group>"; };
		64615E6D2714290600CC5103 /* ListUserVC.swift */ = {isa = PBXFileReference; lastKnownFileType = sourcecode.swift; path = ListUserVC.swift; sourceTree = "<group>"; };
		64D276AE27102FF0007FAE83 /* UpdateInfoUserVC.swift */ = {isa = PBXFileReference; lastKnownFileType = sourcecode.swift; path = UpdateInfoUserVC.swift; sourceTree = "<group>"; };
		AFF02B3E1260DF99AD147325 /* Pods-demo_authen.release.xcconfig */ = {isa = PBXFileReference; includeInIndex = 1; lastKnownFileType = text.xcconfig; name = "Pods-demo_authen.release.xcconfig"; path = "Target Support Files/Pods-demo_authen/Pods-demo_authen.release.xcconfig"; sourceTree = "<group>"; };
		D44F8B2A8E1CFF27DD19BBC4 /* Pods-demo_authen.debug.xcconfig */ = {isa = PBXFileReference; includeInIndex = 1; lastKnownFileType = text.xcconfig; name = "Pods-demo_authen.debug.xcconfig"; path = "Target Support Files/Pods-demo_authen/Pods-demo_authen.debug.xcconfig"; sourceTree = "<group>"; };
		DED02C872D574035A24DA68A /* Pods_demo_authen.framework */ = {isa = PBXFileReference; explicitFileType = wrapper.framework; includeInIndex = 0; path = Pods_demo_authen.framework; sourceTree = BUILT_PRODUCTS_DIR; };
/* End PBXFileReference section */

/* Begin PBXFrameworksBuildPhase section */
		642FCD7F270BF52A000F4A57 /* Frameworks */ = {
			isa = PBXFrameworksBuildPhase;
			buildActionMask = 2147483647;
			files = (
				3EAE4BCAFC4DFD9D5E645EE1 /* Pods_demo_authen.framework in Frameworks */,
			);
			runOnlyForDeploymentPostprocessing = 0;
		};
/* End PBXFrameworksBuildPhase section */

/* Begin PBXGroup section */
		14E7D61CE31C5284B77FA227 /* Pods */ = {
			isa = PBXGroup;
			children = (
				D44F8B2A8E1CFF27DD19BBC4 /* Pods-demo_authen.debug.xcconfig */,
				AFF02B3E1260DF99AD147325 /* Pods-demo_authen.release.xcconfig */,
			);
			path = Pods;
			sourceTree = "<group>";
		};
		411CBBAF6B625E100F1A10AA /* Frameworks */ = {
			isa = PBXGroup;
			children = (
				DED02C872D574035A24DA68A /* Pods_demo_authen.framework */,
			);
			name = Frameworks;
			sourceTree = "<group>";
		};
		642FCD79270BF52A000F4A57 = {
			isa = PBXGroup;
			children = (
				642FCD84270BF52A000F4A57 /* demo_authen */,
				642FCD83270BF52A000F4A57 /* Products */,
				14E7D61CE31C5284B77FA227 /* Pods */,
				411CBBAF6B625E100F1A10AA /* Frameworks */,
			);
			sourceTree = "<group>";
		};
		642FCD83270BF52A000F4A57 /* Products */ = {
			isa = PBXGroup;
			children = (
				642FCD82270BF52A000F4A57 /* demo_authen.app */,
			);
			name = Products;
			sourceTree = "<group>";
		};
		642FCD84270BF52A000F4A57 /* demo_authen */ = {
			isa = PBXGroup;
			children = (
				642FCD85270BF52A000F4A57 /* AppDelegate.swift */,
				642FCD87270BF52A000F4A57 /* SceneDelegate.swift */,
				642FCD89270BF52A000F4A57 /* ViewController.swift */,
				64D276AE27102FF0007FAE83 /* UpdateInfoUserVC.swift */,
				64615E6D2714290600CC5103 /* ListUserVC.swift */,
				642FCD8B270BF52B000F4A57 /* Main.storyboard */,
				642FCD8E270BF52C000F4A57 /* Assets.xcassets */,
				642FCD90270BF52C000F4A57 /* LaunchScreen.storyboard */,
				642FCDA6270BF660000F4A57 /* GoogleService-Info.plist */,
				642FCD93270BF52C000F4A57 /* Info.plist */,
				64615E6827140FAD00CC5103 /* InfoUserCell.swift */,
				64615E6927140FAD00CC5103 /* InfoUserCell.xib */,
			);
			path = demo_authen;
			sourceTree = "<group>";
		};
/* End PBXGroup section */

/* Begin PBXNativeTarget section */
		642FCD81270BF52A000F4A57 /* demo_authen */ = {
			isa = PBXNativeTarget;
			buildConfigurationList = 642FCD96270BF52C000F4A57 /* Build configuration list for PBXNativeTarget "demo_authen" */;
			buildPhases = (
				E6C2B3ACF35C88F0ADFAEB29 /* [CP] Check Pods Manifest.lock */,
				642FCD7E270BF52A000F4A57 /* Sources */,
				642FCD7F270BF52A000F4A57 /* Frameworks */,
				642FCD80270BF52A000F4A57 /* Resources */,
				34195959A2CE38C2D4182C18 /* [CP] Embed Pods Frameworks */,
			);
			buildRules = (
			);
			dependencies = (
			);
			name = demo_authen;
			productName = demo_authen;
			productReference = 642FCD82270BF52A000F4A57 /* demo_authen.app */;
			productType = "com.apple.product-type.application";
		};
/* End PBXNativeTarget section */

/* Begin PBXProject section */
		642FCD7A270BF52A000F4A57 /* Project object */ = {
			isa = PBXProject;
			attributes = {
				LastSwiftUpdateCheck = 1240;
				LastUpgradeCheck = 1240;
				TargetAttributes = {
					642FCD81270BF52A000F4A57 = {
						CreatedOnToolsVersion = 12.4;
					};
				};
			};
			buildConfigurationList = 642FCD7D270BF52A000F4A57 /* Build configuration list for PBXProject "demo_authen" */;
			compatibilityVersion = "Xcode 9.3";
			developmentRegion = en;
			hasScannedForEncodings = 0;
			knownRegions = (
				en,
				Base,
			);
			mainGroup = 642FCD79270BF52A000F4A57;
			productRefGroup = 642FCD83270BF52A000F4A57 /* Products */;
			projectDirPath = "";
			projectRoot = "";
			targets = (
				642FCD81270BF52A000F4A57 /* demo_authen */,
			);
		};
/* End PBXProject section */

/* Begin PBXResourcesBuildPhase section */
		642FCD80270BF52A000F4A57 /* Resources */ = {
			isa = PBXResourcesBuildPhase;
			buildActionMask = 2147483647;
			files = (
				64615E6B27140FAD00CC5103 /* InfoUserCell.xib in Resources */,
				642FCD92270BF52C000F4A57 /* LaunchScreen.storyboard in Resources */,
				642FCDA7270BF660000F4A57 /* GoogleService-Info.plist in Resources */,
				642FCD8F270BF52C000F4A57 /* Assets.xcassets in Resources */,
				642FCD8D270BF52B000F4A57 /* Main.storyboard in Resources */,
			);
			runOnlyForDeploymentPostprocessing = 0;
		};
/* End PBXResourcesBuildPhase section */

/* Begin PBXShellScriptBuildPhase section */
		34195959A2CE38C2D4182C18 /* [CP] Embed Pods Frameworks */ = {
			isa = PBXShellScriptBuildPhase;
			buildActionMask = 2147483647;
			files = (
			);
			inputFileListPaths = (
				"${PODS_ROOT}/Target Support Files/Pods-demo_authen/Pods-demo_authen-frameworks-${CONFIGURATION}-input-files.xcfilelist",
			);
			name = "[CP] Embed Pods Frameworks";
			outputFileListPaths = (
				"${PODS_ROOT}/Target Support Files/Pods-demo_authen/Pods-demo_authen-frameworks-${CONFIGURATION}-output-files.xcfilelist",
			);
			runOnlyForDeploymentPostprocessing = 0;
			shellPath = /bin/sh;
			shellScript = "\"${PODS_ROOT}/Target Support Files/Pods-demo_authen/Pods-demo_authen-frameworks.sh\"\n";
			showEnvVarsInLog = 0;
		};
		E6C2B3ACF35C88F0ADFAEB29 /* [CP] Check Pods Manifest.lock */ = {
			isa = PBXShellScriptBuildPhase;
			buildActionMask = 2147483647;
			files = (
			);
			inputFileListPaths = (
			);
			inputPaths = (
				"${PODS_PODFILE_DIR_PATH}/Podfile.lock",
				"${PODS_ROOT}/Manifest.lock",
			);
			name = "[CP] Check Pods Manifest.lock";
			outputFileListPaths = (
			);
			outputPaths = (
				"$(DERIVED_FILE_DIR)/Pods-demo_authen-checkManifestLockResult.txt",
			);
			runOnlyForDeploymentPostprocessing = 0;
			shellPath = /bin/sh;
			shellScript = "diff \"${PODS_PODFILE_DIR_PATH}/Podfile.lock\" \"${PODS_ROOT}/Manifest.lock\" > /dev/null\nif [ $? != 0 ] ; then\n    # print error to STDERR\n    echo \"error: The sandbox is not in sync with the Podfile.lock. Run 'pod install' or update your CocoaPods installation.\" >&2\n    exit 1\nfi\n# This output is used by Xcode 'outputs' to avoid re-running this script phase.\necho \"SUCCESS\" > \"${SCRIPT_OUTPUT_FILE_0}\"\n";
			showEnvVarsInLog = 0;
		};
/* End PBXShellScriptBuildPhase section */

/* Begin PBXSourcesBuildPhase section */
		642FCD7E270BF52A000F4A57 /* Sources */ = {
			isa = PBXSourcesBuildPhase;
			buildActionMask = 2147483647;
			files = (
				64615E6A27140FAD00CC5103 /* InfoUserCell.swift in Sources */,
				64D276AF27102FF0007FAE83 /* UpdateInfoUserVC.swift in Sources */,
				642FCD8A270BF52A000F4A57 /* ViewController.swift in Sources */,
				64615E6E2714290600CC5103 /* ListUserVC.swift in Sources */,
				642FCD86270BF52A000F4A57 /* AppDelegate.swift in Sources */,
				642FCD88270BF52A000F4A57 /* SceneDelegate.swift in Sources */,
			);
			runOnlyForDeploymentPostprocessing = 0;
		};
/* End PBXSourcesBuildPhase section */

/* Begin PBXVariantGroup section */
		642FCD8B270BF52B000F4A57 /* Main.storyboard */ = {
			isa = PBXVariantGroup;
			children = (
				642FCD8C270BF52B000F4A57 /* Base */,
			);
			name = Main.storyboard;
			sourceTree = "<group>";
		};
		642FCD90270BF52C000F4A57 /* LaunchScreen.storyboard */ = {
			isa = PBXVariantGroup;
			children = (
				642FCD91270BF52C000F4A57 /* Base */,
			);
			name = LaunchScreen.storyboard;
			sourceTree = "<group>";
		};
/* End PBXVariantGroup section */

/* Begin XCBuildConfiguration section */
		642FCD94270BF52C000F4A57 /* Debug */ = {
			isa = XCBuildConfiguration;
			buildSettings = {
				ALWAYS_SEARCH_USER_PATHS = NO;
				CLANG_ANALYZER_NONNULL = YES;
				CLANG_ANALYZER_NUMBER_OBJECT_CONVERSION = YES_AGGRESSIVE;
				CLANG_CXX_LANGUAGE_STANDARD = "gnu++14";
				CLANG_CXX_LIBRARY = "libc++";
				CLANG_ENABLE_MODULES = YES;
				CLANG_ENABLE_OBJC_ARC = YES;
				CLANG_ENABLE_OBJC_WEAK = YES;
				CLANG_WARN_BLOCK_CAPTURE_AUTORELEASING = YES;
				CLANG_WARN_BOOL_CONVERSION = YES;
				CLANG_WARN_COMMA = YES;
				CLANG_WARN_CONSTANT_CONVERSION = YES;
				CLANG_WARN_DEPRECATED_OBJC_IMPLEMENTATIONS = YES;
				CLANG_WARN_DIRECT_OBJC_ISA_USAGE = YES_ERROR;
				CLANG_WARN_DOCUMENTATION_COMMENTS = YES;
				CLANG_WARN_EMPTY_BODY = YES;
				CLANG_WARN_ENUM_CONVERSION = YES;
				CLANG_WARN_INFINITE_RECURSION = YES;
				CLANG_WARN_INT_CONVERSION = YES;
				CLANG_WARN_NON_LITERAL_NULL_CONVERSION = YES;
				CLANG_WARN_OBJC_IMPLICIT_RETAIN_SELF = YES;
				CLANG_WARN_OBJC_LITERAL_CONVERSION = YES;
				CLANG_WARN_OBJC_ROOT_CLASS = YES_ERROR;
				CLANG_WARN_QUOTED_INCLUDE_IN_FRAMEWORK_HEADER = YES;
				CLANG_WARN_RANGE_LOOP_ANALYSIS = YES;
				CLANG_WARN_STRICT_PROTOTYPES = YES;
				CLANG_WARN_SUSPICIOUS_MOVE = YES;
				CLANG_WARN_UNGUARDED_AVAILABILITY = YES_AGGRESSIVE;
				CLANG_WARN_UNREACHABLE_CODE = YES;
				CLANG_WARN__DUPLICATE_METHOD_MATCH = YES;
				COPY_PHASE_STRIP = NO;
				DEBUG_INFORMATION_FORMAT = dwarf;
				ENABLE_STRICT_OBJC_MSGSEND = YES;
				ENABLE_TESTABILITY = YES;
				GCC_C_LANGUAGE_STANDARD = gnu11;
				GCC_DYNAMIC_NO_PIC = NO;
				GCC_NO_COMMON_BLOCKS = YES;
				GCC_OPTIMIZATION_LEVEL = 0;
				GCC_PREPROCESSOR_DEFINITIONS = (
					"DEBUG=1",
					"$(inherited)",
				);
				GCC_WARN_64_TO_32_BIT_CONVERSION = YES;
				GCC_WARN_ABOUT_RETURN_TYPE = YES_ERROR;
				GCC_WARN_UNDECLARED_SELECTOR = YES;
				GCC_WARN_UNINITIALIZED_AUTOS = YES_AGGRESSIVE;
				GCC_WARN_UNUSED_FUNCTION = YES;
				GCC_WARN_UNUSED_VARIABLE = YES;
				IPHONEOS_DEPLOYMENT_TARGET = 14.4;
				MTL_ENABLE_DEBUG_INFO = INCLUDE_SOURCE;
				MTL_FAST_MATH = YES;
				ONLY_ACTIVE_ARCH = YES;
				SDKROOT = iphoneos;
				SWIFT_ACTIVE_COMPILATION_CONDITIONS = DEBUG;
				SWIFT_OPTIMIZATION_LEVEL = "-Onone";
			};
			name = Debug;
		};
		642FCD95270BF52C000F4A57 /* Release */ = {
			isa = XCBuildConfiguration;
			buildSettings = {
				ALWAYS_SEARCH_USER_PATHS = NO;
				CLANG_ANALYZER_NONNULL = YES;
				CLANG_ANALYZER_NUMBER_OBJECT_CONVERSION = YES_AGGRESSIVE;
				CLANG_CXX_LANGUAGE_STANDARD = "gnu++14";
				CLANG_CXX_LIBRARY = "libc++";
				CLANG_ENABLE_MODULES = YES;
				CLANG_ENABLE_OBJC_ARC = YES;
				CLANG_ENABLE_OBJC_WEAK = YES;
				CLANG_WARN_BLOCK_CAPTURE_AUTORELEASING = YES;
				CLANG_WARN_BOOL_CONVERSION = YES;
				CLANG_WARN_COMMA = YES;
				CLANG_WARN_CONSTANT_CONVERSION = YES;
				CLANG_WARN_DEPRECATED_OBJC_IMPLEMENTATIONS = YES;
				CLANG_WARN_DIRECT_OBJC_ISA_USAGE = YES_ERROR;
				CLANG_WARN_DOCUMENTATION_COMMENTS = YES;
				CLANG_WARN_EMPTY_BODY = YES;
				CLANG_WARN_ENUM_CONVERSION = YES;
				CLANG_WARN_INFINITE_RECURSION = YES;
				CLANG_WARN_INT_CONVERSION = YES;
				CLANG_WARN_NON_LITERAL_NULL_CONVERSION = YES;
				CLANG_WARN_OBJC_IMPLICIT_RETAIN_SELF = YES;
				CLANG_WARN_OBJC_LITERAL_CONVERSION = YES;
				CLANG_WARN_OBJC_ROOT_CLASS = YES_ERROR;
				CLANG_WARN_QUOTED_INCLUDE_IN_FRAMEWORK_HEADER = YES;
				CLANG_WARN_RANGE_LOOP_ANALYSIS = YES;
				CLANG_WARN_STRICT_PROTOTYPES = YES;
				CLANG_WARN_SUSPICIOUS_MOVE = YES;
				CLANG_WARN_UNGUARDED_AVAILABILITY = YES_AGGRESSIVE;
				CLANG_WARN_UNREACHABLE_CODE = YES;
				CLANG_WARN__DUPLICATE_METHOD_MATCH = YES;
				COPY_PHASE_STRIP = NO;
				DEBUG_INFORMATION_FORMAT = "dwarf-with-dsym";
				ENABLE_NS_ASSERTIONS = NO;
				ENABLE_STRICT_OBJC_MSGSEND = YES;
				GCC_C_LANGUAGE_STANDARD = gnu11;
				GCC_NO_COMMON_BLOCKS = YES;
				GCC_WARN_64_TO_32_BIT_CONVERSION = YES;
				GCC_WARN_ABOUT_RETURN_TYPE = YES_ERROR;
				GCC_WARN_UNDECLARED_SELECTOR = YES;
				GCC_WARN_UNINITIALIZED_AUTOS = YES_AGGRESSIVE;
				GCC_WARN_UNUSED_FUNCTION = YES;
				GCC_WARN_UNUSED_VARIABLE = YES;
				IPHONEOS_DEPLOYMENT_TARGET = 14.4;
				MTL_ENABLE_DEBUG_INFO = NO;
				MTL_FAST_MATH = YES;
				SDKROOT = iphoneos;
				SWIFT_COMPILATION_MODE = wholemodule;
				SWIFT_OPTIMIZATION_LEVEL = "-O";
				VALIDATE_PRODUCT = YES;
			};
			name = Release;
		};
		642FCD97270BF52C000F4A57 /* Debug */ = {
			isa = XCBuildConfiguration;
			baseConfigurationReference = D44F8B2A8E1CFF27DD19BBC4 /* Pods-demo_authen.debug.xcconfig */;
			buildSettings = {
				ASSETCATALOG_COMPILER_APPICON_NAME = AppIcon;
				ASSETCATALOG_COMPILER_GLOBAL_ACCENT_COLOR_NAME = AccentColor;
				CODE_SIGN_STYLE = Automatic;
				DEVELOPMENT_TEAM = 635TXSNWKB;
				INFOPLIST_FILE = demo_authen/Info.plist;
				LD_RUNPATH_SEARCH_PATHS = (
					"$(inherited)",
					"@executable_path/Frameworks",
				);
				PRODUCT_BUNDLE_IDENTIFIER = "com.tda.demo-authen";
				PRODUCT_NAME = "$(TARGET_NAME)";
				SWIFT_VERSION = 5.0;
				TARGETED_DEVICE_FAMILY = "1,2";
			};
			name = Debug;
		};
		642FCD98270BF52C000F4A57 /* Release */ = {
			isa = XCBuildConfiguration;
			baseConfigurationReference = AFF02B3E1260DF99AD147325 /* Pods-demo_authen.release.xcconfig */;
			buildSettings = {
				ASSETCATALOG_COMPILER_APPICON_NAME = AppIcon;
				ASSETCATALOG_COMPILER_GLOBAL_ACCENT_COLOR_NAME = AccentColor;
				CODE_SIGN_STYLE = Automatic;
				DEVELOPMENT_TEAM = 635TXSNWKB;
				INFOPLIST_FILE = demo_authen/Info.plist;
				LD_RUNPATH_SEARCH_PATHS = (
					"$(inherited)",
					"@executable_path/Frameworks",
				);
				PRODUCT_BUNDLE_IDENTIFIER = "com.tda.demo-authen";
				PRODUCT_NAME = "$(TARGET_NAME)";
				SWIFT_VERSION = 5.0;
				TARGETED_DEVICE_FAMILY = "1,2";
			};
			name = Release;
		};
/* End XCBuildConfiguration section */

/* Begin XCConfigurationList section */
		642FCD7D270BF52A000F4A57 /* Build configuration list for PBXProject "demo_authen" */ = {
			isa = XCConfigurationList;
			buildConfigurations = (
				642FCD94270BF52C000F4A57 /* Debug */,
				642FCD95270BF52C000F4A57 /* Release */,
			);
			defaultConfigurationIsVisible = 0;
			defaultConfigurationName = Release;
		};
		642FCD96270BF52C000F4A57 /* Build configuration list for PBXNativeTarget "demo_authen" */ = {
			isa = XCConfigurationList;
			buildConfigurations = (
				642FCD97270BF52C000F4A57 /* Debug */,
				642FCD98270BF52C000F4A57 /* Release */,
			);
			defaultConfigurationIsVisible = 0;
			defaultConfigurationName = Release;
		};
/* End XCConfigurationList section */
	};
	rootObject = 642FCD7A270BF52A000F4A57 /* Project object */;
}
